Microsoft Visual Studio Solution File, Format Version 12.00
# Visual Studio Version 17
VisualStudioVersion = 17.5.2.0
MinimumVisualStudioVersion = 10.0.40219.1
Project("{FAE04EC0-301F-11D3-BF4B-00C04F79EFBC}") = "MvcCrud", "MvcCrud.csproj", "{610E71B0-A041-C33A-496A-10345D7CB3FC}"
EndProject
Global
	GlobalSection(SolutionConfigurationPlatforms) = preSolution
		Debug|Any CPU = Debug|Any CPU
		Release|Any CPU = Release|Any CPU
	EndGlobalSection
	GlobalSection(ProjectConfigurationPlatforms) = postSolution
		{610E71B0-A041-C33A-496A-10345D7CB3FC}.Debug|Any CPU.ActiveCfg = Debug|Any CPU
		{610E71B0-A041-C33A-496A-10345D7CB3FC}.Debug|Any CPU.Build.0 = Debug|Any CPU
		{610E71B0-A041-C33A-496A-10345D7CB3FC}.Release|Any CPU.ActiveCfg = Release|Any CPU
		{610E71B0-A041-C33A-496A-10345D7CB3FC}.Release|Any CPU.Build.0 = Release|Any CPU
	EndGlobalSection
	GlobalSection(SolutionProperties) = preSolution
		HideSolutionNode = FALSE
	EndGlobalSection
	GlobalSection(ExtensibilityGlobals) = postSolution
		SolutionGuid = {CD4CE778-377A-43D6-AF1F-0CB76E11F6F0}
	EndGlobalSection
EndGlobal
